// !$*UTF8*$!
{
	archiveVersion = 1;
	classes = {
	};
	objectVersion = 50;
	objects = {

/* Begin PBXBuildFile section */
		9C8BD82A259EDE22006E3B0E /* MenuDetailView.swift in Sources */ = {isa = PBXBuildFile; fileRef = 9C8BD829259EDE22006E3B0E /* MenuDetailView.swift */; };
		9C8BD82D259EE0AD006E3B0E /* AppDelegate.swift in Sources */ = {isa = PBXBuildFile; fileRef = 9C8BD82C259EE0AD006E3B0E /* AppDelegate.swift */; };
		9C8BD830259EE0B2006E3B0E /* SceneDelegate.swift in Sources */ = {isa = PBXBuildFile; fileRef = 9C8BD82F259EE0B2006E3B0E /* SceneDelegate.swift */; };
		9CC4C089259E017C006B4924 /* SelectedImageView.swift in Sources */ = {isa = PBXBuildFile; fileRef = 9CC4C088259E017C006B4924 /* SelectedImageView.swift */; };
		9CC4C08E259E0886006B4924 /* MenuModel.swift in Sources */ = {isa = PBXBuildFile; fileRef = 9CC4C08B259E0886006B4924 /* MenuModel.swift */; };
		9CC4C08F259E0886006B4924 /* OrderModel.swift in Sources */ = {isa = PBXBuildFile; fileRef = 9CC4C08C259E0886006B4924 /* OrderModel.swift */; };
		9CC4C090259E0886006B4924 /* HistoryModel.swift in Sources */ = {isa = PBXBuildFile; fileRef = 9CC4C08D259E0886006B4924 /* HistoryModel.swift */; };
		9CC62193259DDCFE00648412 /* OrderListView.swift in Sources */ = {isa = PBXBuildFile; fileRef = 9CC62192259DDCFE00648412 /* OrderListView.swift */; };
		9CC62197259DDD6500648412 /* MenuListView.swift in Sources */ = {isa = PBXBuildFile; fileRef = 9CC62196259DDD6500648412 /* MenuListView.swift */; };
		9CC6219A259DDDBC00648412 /* ContentHeadeView.swift in Sources */ = {isa = PBXBuildFile; fileRef = 9CC62199259DDDBC00648412 /* ContentHeadeView.swift */; };
		9CC6219D259DDE8000648412 /* OrderRowView.swift in Sources */ = {isa = PBXBuildFile; fileRef = 9CC6219C259DDE8000648412 /* OrderRowView.swift */; };
		9CC621A0259DDEBC00648412 /* MenuRowView.swift in Sources */ = {isa = PBXBuildFile; fileRef = 9CC6219F259DDEBC00648412 /* MenuRowView.swift */; };
		9CC621A3259DDF2000648412 /* RatingsView.swift in Sources */ = {isa = PBXBuildFile; fileRef = 9CC621A2259DDF2000648412 /* RatingsView.swift */; };
		9CC621A6259DDFA300648412 /* PageTitleView.swift in Sources */ = {isa = PBXBuildFile; fileRef = 9CC621A5259DDFA300648412 /* PageTitleView.swift */; };
		9CC621A9259DF2BC00648412 /* HistoryRowView.swift in Sources */ = {isa = PBXBuildFile; fileRef = 9CC621A8259DF2BC00648412 /* HistoryRowView.swift */; };
		9CC621AC259DF31200648412 /* HistoryListView.swift in Sources */ = {isa = PBXBuildFile; fileRef = 9CC621AB259DF31200648412 /* HistoryListView.swift */; };
		9CC621AF259DF34E00648412 /* HistoryView.swift in Sources */ = {isa = PBXBuildFile; fileRef = 9CC621AE259DF34E00648412 /* HistoryView.swift */; };
		9CC621B2259DF4AD00648412 /* ListHeaderView.swift in Sources */ = {isa = PBXBuildFile; fileRef = 9CC621B1259DF4AD00648412 /* ListHeaderView.swift */; };
		9CD241AE259CA942006E386E /* ContentView.swift in Sources */ = {isa = PBXBuildFile; fileRef = 9CD241AD259CA942006E386E /* ContentView.swift */; };
		9CD241B0259CA944006E386E /* Assets.xcassets in Resources */ = {isa = PBXBuildFile; fileRef = 9CD241AF259CA944006E386E /* Assets.xcassets */; };
		9CD241B3259CA944006E386E /* Preview Assets.xcassets in Resources */ = {isa = PBXBuildFile; fileRef = 9CD241B2259CA944006E386E /* Preview Assets.xcassets */; };
/* End PBXBuildFile section */

/* Begin PBXFileReference section */
		9C8BD829259EDE22006E3B0E /* MenuDetailView.swift */ = {isa = PBXFileReference; fileEncoding = 4; lastKnownFileType = sourcecode.swift; path = MenuDetailView.swift; sourceTree = "<group>"; };
		9C8BD82C259EE0AD006E3B0E /* AppDelegate.swift */ = {isa = PBXFileReference; fileEncoding = 4; lastKnownFileType = sourcecode.swift; path = AppDelegate.swift; sourceTree = "<group>"; };
		9C8BD82F259EE0B2006E3B0E /* SceneDelegate.swift */ = {isa = PBXFileReference; fileEncoding = 4; lastKnownFileType = sourcecode.swift; path = SceneDelegate.swift; sourceTree = "<group>"; };
		9CC4C088259E017C006B4924 /* SelectedImageView.swift */ = {isa = PBXFileReference; lastKnownFileType = sourcecode.swift; path = SelectedImageView.swift; sourceTree = "<group>"; };
		9CC4C08B259E0886006B4924 /* MenuModel.swift */ = {isa = PBXFileReference; fileEncoding = 4; lastKnownFileType = sourcecode.swift; path = MenuModel.swift; sourceTree = "<group>"; };
		9CC4C08C259E0886006B4924 /* OrderModel.swift */ = {isa = PBXFileReference; fileEncoding = 4; lastKnownFileType = sourcecode.swift; path = OrderModel.swift; sourceTree = "<group>"; };
		9CC4C08D259E0886006B4924 /* HistoryModel.swift */ = {isa = PBXFileReference; fileEncoding = 4; lastKnownFileType = sourcecode.swift; path = HistoryModel.swift; sourceTree = "<group>"; };
		9CC62192259DDCFE00648412 /* OrderListView.swift */ = {isa = PBXFileReference; lastKnownFileType = sourcecode.swift; path = OrderListView.swift; sourceTree = "<group>"; };
		9CC62196259DDD6500648412 /* MenuListView.swift */ = {isa = PBXFileReference; lastKnownFileType = sourcecode.swift; path = MenuListView.swift; sourceTree = "<group>"; };
		9CC62199259DDDBC00648412 /* ContentHeadeView.swift */ = {isa = PBXFileReference; lastKnownFileType = sourcecode.swift; path = ContentHeadeView.swift; sourceTree = "<group>"; };
		9CC6219C259DDE8000648412 /* OrderRowView.swift */ = {isa = PBXFileReference; lastKnownFileType = sourcecode.swift; path = OrderRowView.swift; sourceTree = "<group>"; };
		9CC6219F259DDEBC00648412 /* MenuRowView.swift */ = {isa = PBXFileReference; lastKnownFileType = sourcecode.swift; path = MenuRowView.swift; sourceTree = "<group>"; };
		9CC621A2259DDF2000648412 /* RatingsView.swift */ = {isa = PBXFileReference; lastKnownFileType = sourcecode.swift; path = RatingsView.swift; sourceTree = "<group>"; };
		9CC621A5259DDFA300648412 /* PageTitleView.swift */ = {isa = PBXFileReference; lastKnownFileType = sourcecode.swift; path = PageTitleView.swift; sourceTree = "<group>"; };
		9CC621A8259DF2BC00648412 /* HistoryRowView.swift */ = {isa = PBXFileReference; lastKnownFileType = sourcecode.swift; path = HistoryRowView.swift; sourceTree = "<group>"; };
		9CC621AB259DF31200648412 /* HistoryListView.swift */ = {isa = PBXFileReference; lastKnownFileType = sourcecode.swift; path = HistoryListView.swift; sourceTree = "<group>"; };
		9CC621AE259DF34E00648412 /* HistoryView.swift */ = {isa = PBXFileReference; lastKnownFileType = sourcecode.swift; path = HistoryView.swift; sourceTree = "<group>"; };
		9CC621B1259DF4AD00648412 /* ListHeaderView.swift */ = {isa = PBXFileReference; lastKnownFileType = sourcecode.swift; path = ListHeaderView.swift; sourceTree = "<group>"; };
		9CD241A8259CA942006E386E /* HuliPizza.app */ = {isa = PBXFileReference; explicitFileType = wrapper.application; includeInIndex = 0; path = HuliPizza.app; sourceTree = BUILT_PRODUCTS_DIR; };
		9CD241AD259CA942006E386E /* ContentView.swift */ = {isa = PBXFileReference; lastKnownFileType = sourcecode.swift; path = ContentView.swift; sourceTree = "<group>"; };
		9CD241AF259CA944006E386E /* Assets.xcassets */ = {isa = PBXFileReference; lastKnownFileType = folder.assetcatalog; path = Assets.xcassets; sourceTree = "<group>"; };
		9CD241B2259CA944006E386E /* Preview Assets.xcassets */ = {isa = PBXFileReference; lastKnownFileType = folder.assetcatalog; path = "Preview Assets.xcassets"; sourceTree = "<group>"; };
		9CD241B4259CA944006E386E /* Info.plist */ = {isa = PBXFileReference; lastKnownFileType = text.plist.xml; path = Info.plist; sourceTree = "<group>"; };
/* End PBXFileReference section */

/* Begin PBXFrameworksBuildPhase section */
		9CD241A5259CA942006E386E /* Frameworks */ = {
			isa = PBXFrameworksBuildPhase;
			buildActionMask = 2147483647;
			files = (
			);
			runOnlyForDeploymentPostprocessing = 0;
		};
/* End PBXFrameworksBuildPhase section */

/* Begin PBXGroup section */
		9CC6218E259DDCBF00648412 /* HistoryView */ = {
			isa = PBXGroup;
			children = (
				9CC621A8259DF2BC00648412 /* HistoryRowView.swift */,
				9CC621AB259DF31200648412 /* HistoryListView.swift */,
				9CC621AE259DF34E00648412 /* HistoryView.swift */,
			);
			path = HistoryView;
			sourceTree = "<group>";
		};
		9CC6218F259DDCC600648412 /* Model */ = {
			isa = PBXGroup;
			children = (
				9CC4C08D259E0886006B4924 /* HistoryModel.swift */,
				9CC4C08B259E0886006B4924 /* MenuModel.swift */,
				9CC4C08C259E0886006B4924 /* OrderModel.swift */,
			);
			path = Model;
			sourceTree = "<group>";
		};
		9CC62190259DDCCB00648412 /* MenuView */ = {
			isa = PBXGroup;
			children = (
				9CC62196259DDD6500648412 /* MenuListView.swift */,
				9CC6219F259DDEBC00648412 /* MenuRowView.swift */,
				9CC621A2259DDF2000648412 /* RatingsView.swift */,
				9C8BD829259EDE22006E3B0E /* MenuDetailView.swift */,
			);
			path = MenuView;
			sourceTree = "<group>";
		};
		9CC62191259DDCCF00648412 /* OrderView */ = {
			isa = PBXGroup;
			children = (
				9CC62192259DDCFE00648412 /* OrderListView.swift */,
				9CC6219C259DDE8000648412 /* OrderRowView.swift */,
			);
			path = OrderView;
			sourceTree = "<group>";
		};
		9CD2419F259CA942006E386E = {
			isa = PBXGroup;
			children = (
				9CD241AA259CA942006E386E /* HuliPizza */,
				9CD241A9259CA942006E386E /* Products */,
			);
			sourceTree = "<group>";
		};
		9CD241A9259CA942006E386E /* Products */ = {
			isa = PBXGroup;
			children = (
				9CD241A8259CA942006E386E /* HuliPizza.app */,
			);
			name = Products;
			sourceTree = "<group>";
		};
		9CD241AA259CA942006E386E /* HuliPizza */ = {
			isa = PBXGroup;
			children = (
				9C8BD82C259EE0AD006E3B0E /* AppDelegate.swift */,
				9C8BD82F259EE0B2006E3B0E /* SceneDelegate.swift */,
				9CC62191259DDCCF00648412 /* OrderView */,
				9CC62190259DDCCB00648412 /* MenuView */,
				9CC6218F259DDCC600648412 /* Model */,
				9CC6218E259DDCBF00648412 /* HistoryView */,
				9CD241AD259CA942006E386E /* ContentView.swift */,
				9CC621B1259DF4AD00648412 /* ListHeaderView.swift */,
				9CC62199259DDDBC00648412 /* ContentHeadeView.swift */,
				9CC621A5259DDFA300648412 /* PageTitleView.swift */,
				9CC4C088259E017C006B4924 /* SelectedImageView.swift */,
				9CD241AF259CA944006E386E /* Assets.xcassets */,
				9CD241B4259CA944006E386E /* Info.plist */,
				9CD241B1259CA944006E386E /* Preview Content */,
			);
			path = HuliPizza;
			sourceTree = "<group>";
		};
		9CD241B1259CA944006E386E /* Preview Content */ = {
			isa = PBXGroup;
			children = (
				9CD241B2259CA944006E386E /* Preview Assets.xcassets */,
			);
			path = "Preview Content";
			sourceTree = "<group>";
		};
/* End PBXGroup section */

/* Begin PBXNativeTarget section */
		9CD241A7259CA942006E386E /* HuliPizza */ = {
			isa = PBXNativeTarget;
			buildConfigurationList = 9CD241B7259CA944006E386E /* Build configuration list for PBXNativeTarget "HuliPizza" */;
			buildPhases = (
				9CD241A4259CA942006E386E /* Sources */,
				9CD241A5259CA942006E386E /* Frameworks */,
				9CD241A6259CA942006E386E /* Resources */,
			);
			buildRules = (
			);
			dependencies = (
			);
			name = HuliPizza;
			productName = HuliPizza;
			productReference = 9CD241A8259CA942006E386E /* HuliPizza.app */;
			productType = "com.apple.product-type.application";
		};
/* End PBXNativeTarget section */

/* Begin PBXProject section */
		9CD241A0259CA942006E386E /* Project object */ = {
			isa = PBXProject;
			attributes = {
				LastSwiftUpdateCheck = 1230;
				LastUpgradeCheck = 1230;
				TargetAttributes = {
					9CD241A7259CA942006E386E = {
						CreatedOnToolsVersion = 12.3;
					};
				};
			};
			buildConfigurationList = 9CD241A3259CA942006E386E /* Build configuration list for PBXProject "HuliPizza" */;
			compatibilityVersion = "Xcode 9.3";
			developmentRegion = en;
			hasScannedForEncodings = 0;
			knownRegions = (
				en,
				Base,
			);
			mainGroup = 9CD2419F259CA942006E386E;
			productRefGroup = 9CD241A9259CA942006E386E /* Products */;
			projectDirPath = "";
			projectRoot = "";
			targets = (
				9CD241A7259CA942006E386E /* HuliPizza */,
			);
		};
/* End PBXProject section */

/* Begin PBXResourcesBuildPhase section */
		9CD241A6259CA942006E386E /* Resources */ = {
			isa = PBXResourcesBuildPhase;
			buildActionMask = 2147483647;
			files = (
				9CD241B3259CA944006E386E /* Preview Assets.xcassets in Resources */,
				9CD241B0259CA944006E386E /* Assets.xcassets in Resources */,
			);
			runOnlyForDeploymentPostprocessing = 0;
		};
/* End PBXResourcesBuildPhase section */

/* Begin PBXSourcesBuildPhase section */
		9CD241A4259CA942006E386E /* Sources */ = {
			isa = PBXSourcesBuildPhase;
			buildActionMask = 2147483647;
			files = (
				9CC6219D259DDE8000648412 /* OrderRowView.swift in Sources */,
				9CC621AF259DF34E00648412 /* HistoryView.swift in Sources */,
				9C8BD82D259EE0AD006E3B0E /* AppDelegate.swift in Sources */,
				9CC4C08E259E0886006B4924 /* MenuModel.swift in Sources */,
				9CD241AE259CA942006E386E /* ContentView.swift in Sources */,
				9CC62197259DDD6500648412 /* MenuListView.swift in Sources */,
				9CC62193259DDCFE00648412 /* OrderListView.swift in Sources */,
				9CC621A0259DDEBC00648412 /* MenuRowView.swift in Sources */,
				9CC4C08F259E0886006B4924 /* OrderModel.swift in Sources */,
				9CC621A6259DDFA300648412 /* PageTitleView.swift in Sources */,
				9CC6219A259DDDBC00648412 /* ContentHeadeView.swift in Sources */,
				9CC4C089259E017C006B4924 /* SelectedImageView.swift in Sources */,
				9C8BD82A259EDE22006E3B0E /* MenuDetailView.swift in Sources */,
				9CC4C090259E0886006B4924 /* HistoryModel.swift in Sources */,
				9C8BD830259EE0B2006E3B0E /* SceneDelegate.swift in Sources */,
				9CC621A9259DF2BC00648412 /* HistoryRowView.swift in Sources */,
				9CC621B2259DF4AD00648412 /* ListHeaderView.swift in Sources */,
				9CC621A3259DDF2000648412 /* RatingsView.swift in Sources */,
				9CC621AC259DF31200648412 /* HistoryListView.swift in Sources */,
			);
			runOnlyForDeploymentPostprocessing = 0;
		};
/* End PBXSourcesBuildPhase section */

/* Begin XCBuildConfiguration section */
		9CD241B5259CA944006E386E /* Debug */ = {
			isa = XCBuildConfiguration;
			buildSettings = {
				ALWAYS_SEARCH_USER_PATHS = NO;
				CLANG_ANALYZER_NONNULL = YES;
				CLANG_ANALYZER_NUMBER_OBJECT_CONVERSION = YES_AGGRESSIVE;
				CLANG_CXX_LANGUAGE_STANDARD = "gnu++14";
				CLANG_CXX_LIBRARY = "libc++";
				CLANG_ENABLE_MODULES = YES;
				CLANG_ENABLE_OBJC_ARC = YES;
				CLANG_ENABLE_OBJC_WEAK = YES;
				CLANG_WARN_BLOCK_CAPTURE_AUTORELEASING = YES;
				CLANG_WARN_BOOL_CONVERSION = YES;
				CLANG_WARN_COMMA = YES;
				CLANG_WARN_CONSTANT_CONVERSION = YES;
				CLANG_WARN_DEPRECATED_OBJC_IMPLEMENTATIONS = YES;
				CLANG_WARN_DIRECT_OBJC_ISA_USAGE = YES_ERROR;
				CLANG_WARN_DOCUMENTATION_COMMENTS = YES;
				CLANG_WARN_EMPTY_BODY = YES;
				CLANG_WARN_ENUM_CONVERSION = YES;
				CLANG_WARN_INFINITE_RECURSION = YES;
				CLANG_WARN_INT_CONVERSION = YES;
				CLANG_WARN_NON_LITERAL_NULL_CONVERSION = YES;
				CLANG_WARN_OBJC_IMPLICIT_RETAIN_SELF = YES;
				CLANG_WARN_OBJC_LITERAL_CONVERSION = YES;
				CLANG_WARN_OBJC_ROOT_CLASS = YES_ERROR;
				CLANG_WARN_QUOTED_INCLUDE_IN_FRAMEWORK_HEADER = YES;
				CLANG_WARN_RANGE_LOOP_ANALYSIS = YES;
				CLANG_WARN_STRICT_PROTOTYPES = YES;
				CLANG_WARN_SUSPICIOUS_MOVE = YES;
				CLANG_WARN_UNGUARDED_AVAILABILITY = YES_AGGRESSIVE;
				CLANG_WARN_UNREACHABLE_CODE = YES;
				CLANG_WARN__DUPLICATE_METHOD_MATCH = YES;
				COPY_PHASE_STRIP = NO;
				DEBUG_INFORMATION_FORMAT = dwarf;
				ENABLE_STRICT_OBJC_MSGSEND = YES;
				ENABLE_TESTABILITY = YES;
				GCC_C_LANGUAGE_STANDARD = gnu11;
				GCC_DYNAMIC_NO_PIC = NO;
				GCC_NO_COMMON_BLOCKS = YES;
				GCC_OPTIMIZATION_LEVEL = 0;
				GCC_PREPROCESSOR_DEFINITIONS = (
					"DEBUG=1",
					"$(inherited)",
				);
				GCC_WARN_64_TO_32_BIT_CONVERSION = YES;
				GCC_WARN_ABOUT_RETURN_TYPE = YES_ERROR;
				GCC_WARN_UNDECLARED_SELECTOR = YES;
				GCC_WARN_UNINITIALIZED_AUTOS = YES_AGGRESSIVE;
				GCC_WARN_UNUSED_FUNCTION = YES;
				GCC_WARN_UNUSED_VARIABLE = YES;
				IPHONEOS_DEPLOYMENT_TARGET = 14.3;
				MTL_ENABLE_DEBUG_INFO = INCLUDE_SOURCE;
				MTL_FAST_MATH = YES;
				ONLY_ACTIVE_ARCH = YES;
				SDKROOT = iphoneos;
				SWIFT_ACTIVE_COMPILATION_CONDITIONS = DEBUG;
				SWIFT_OPTIMIZATION_LEVEL = "-Onone";
			};
			name = Debug;
		};
		9CD241B6259CA944006E386E /* Release */ = {
			isa = XCBuildConfiguration;
			buildSettings = {
				ALWAYS_SEARCH_USER_PATHS = NO;
				CLANG_ANALYZER_NONNULL = YES;
				CLANG_ANALYZER_NUMBER_OBJECT_CONVERSION = YES_AGGRESSIVE;
				CLANG_CXX_LANGUAGE_STANDARD = "gnu++14";
				CLANG_CXX_LIBRARY = "libc++";
				CLANG_ENABLE_MODULES = YES;
				CLANG_ENABLE_OBJC_ARC = YES;
				CLANG_ENABLE_OBJC_WEAK = YES;
				CLANG_WARN_BLOCK_CAPTURE_AUTORELEASING = YES;
				CLANG_WARN_BOOL_CONVERSION = YES;
				CLANG_WARN_COMMA = YES;
				CLANG_WARN_CONSTANT_CONVERSION = YES;
				CLANG_WARN_DEPRECATED_OBJC_IMPLEMENTATIONS = YES;
				CLANG_WARN_DIRECT_OBJC_ISA_USAGE = YES_ERROR;
				CLANG_WARN_DOCUMENTATION_COMMENTS = YES;
				CLANG_WARN_EMPTY_BODY = YES;
				CLANG_WARN_ENUM_CONVERSION = YES;
				CLANG_WARN_INFINITE_RECURSION = YES;
				CLANG_WARN_INT_CONVERSION = YES;
				CLANG_WARN_NON_LITERAL_NULL_CONVERSION = YES;
				CLANG_WARN_OBJC_IMPLICIT_RETAIN_SELF = YES;
				CLANG_WARN_OBJC_LITERAL_CONVERSION = YES;
				CLANG_WARN_OBJC_ROOT_CLASS = YES_ERROR;
				CLANG_WARN_QUOTED_INCLUDE_IN_FRAMEWORK_HEADER = YES;
				CLANG_WARN_RANGE_LOOP_ANALYSIS = YES;
				CLANG_WARN_STRICT_PROTOTYPES = YES;
				CLANG_WARN_SUSPICIOUS_MOVE = YES;
				CLANG_WARN_UNGUARDED_AVAILABILITY = YES_AGGRESSIVE;
				CLANG_WARN_UNREACHABLE_CODE = YES;
				CLANG_WARN__DUPLICATE_METHOD_MATCH = YES;
				COPY_PHASE_STRIP = NO;
				DEBUG_INFORMATION_FORMAT = "dwarf-with-dsym";
				ENABLE_NS_ASSERTIONS = NO;
				ENABLE_STRICT_OBJC_MSGSEND = YES;
				GCC_C_LANGUAGE_STANDARD = gnu11;
				GCC_NO_COMMON_BLOCKS = YES;
				GCC_WARN_64_TO_32_BIT_CONVERSION = YES;
				GCC_WARN_ABOUT_RETURN_TYPE = YES_ERROR;
				GCC_WARN_UNDECLARED_SELECTOR = YES;
				GCC_WARN_UNINITIALIZED_AUTOS = YES_AGGRESSIVE;
				GCC_WARN_UNUSED_FUNCTION = YES;
				GCC_WARN_UNUSED_VARIABLE = YES;
				IPHONEOS_DEPLOYMENT_TARGET = 14.3;
				MTL_ENABLE_DEBUG_INFO = NO;
				MTL_FAST_MATH = YES;
				SDKROOT = iphoneos;
				SWIFT_COMPILATION_MODE = wholemodule;
				SWIFT_OPTIMIZATION_LEVEL = "-O";
				VALIDATE_PRODUCT = YES;
			};
			name = Release;
		};
		9CD241B8259CA944006E386E /* Debug */ = {
			isa = XCBuildConfiguration;
			buildSettings = {
				ASSETCATALOG_COMPILER_APPICON_NAME = AppIcon;
				ASSETCATALOG_COMPILER_GLOBAL_ACCENT_COLOR_NAME = AccentColor;
				CODE_SIGN_STYLE = Automatic;
				DEVELOPMENT_ASSET_PATHS = "\"HuliPizza/Preview Content\"";
				ENABLE_PREVIEWS = YES;
				INFOPLIST_FILE = HuliPizza/Info.plist;
				IPHONEOS_DEPLOYMENT_TARGET = 14.0;
				LD_RUNPATH_SEARCH_PATHS = (
					"$(inherited)",
					"@executable_path/Frameworks",
				);
				PRODUCT_BUNDLE_IDENTIFIER = io.github.akueisara.HuliPizza;
				PRODUCT_NAME = "$(TARGET_NAME)";
				SWIFT_VERSION = 5.0;
				TARGETED_DEVICE_FAMILY = "1,2";
			};
			name = Debug;
		};
		9CD241B9259CA944006E386E /* Release */ = {
			isa = XCBuildConfiguration;
			buildSettings = {
				ASSETCATALOG_COMPILER_APPICON_NAME = AppIcon;
				ASSETCATALOG_COMPILER_GLOBAL_ACCENT_COLOR_NAME = AccentColor;
				CODE_SIGN_STYLE = Automatic;
				DEVELOPMENT_ASSET_PATHS = "\"HuliPizza/Preview Content\"";
				ENABLE_PREVIEWS = YES;
				INFOPLIST_FILE = HuliPizza/Info.plist;
				IPHONEOS_DEPLOYMENT_TARGET = 14.0;
				LD_RUNPATH_SEARCH_PATHS = (
					"$(inherited)",
					"@executable_path/Frameworks",
				);
				PRODUCT_BUNDLE_IDENTIFIER = io.github.akueisara.HuliPizza;
				PRODUCT_NAME = "$(TARGET_NAME)";
				SWIFT_VERSION = 5.0;
				TARGETED_DEVICE_FAMILY = "1,2";
			};
			name = Release;
		};
/* End XCBuildConfiguration section */

/* Begin XCConfigurationList section */
		9CD241A3259CA942006E386E /* Build configuration list for PBXProject "HuliPizza" */ = {
			isa = XCConfigurationList;
			buildConfigurations = (
				9CD241B5259CA944006E386E /* Debug */,
				9CD241B6259CA944006E386E /* Release */,
			);
			defaultConfigurationIsVisible = 0;
			defaultConfigurationName = Release;
		};
		9CD241B7259CA944006E386E /* Build configuration list for PBXNativeTarget "HuliPizza" */ = {
			isa = XCConfigurationList;
			buildConfigurations = (
				9CD241B8259CA944006E386E /* Debug */,
				9CD241B9259CA944006E386E /* Release */,
			);
			defaultConfigurationIsVisible = 0;
			defaultConfigurationName = Release;
		};
/* End XCConfigurationList section */
	};
	rootObject = 9CD241A0259CA942006E386E /* Project object */;
}
